// !$*UTF8*$!
{
	archiveVersion = 1;
	classes = {
	};
	objectVersion = 46;
	objects = {

/* Begin PBXBuildFile section */
		855605FD1DD1731800958187 /* AppDelegate.swift in Sources */ = {isa = PBXBuildFile; fileRef = 855605FC1DD1731800958187 /* AppDelegate.swift */; };
		855605FF1DD1731800958187 /* ViewController.swift in Sources */ = {isa = PBXBuildFile; fileRef = 855605FE1DD1731800958187 /* ViewController.swift */; };
		855606021DD1731800958187 /* Main.storyboard in Resources */ = {isa = PBXBuildFile; fileRef = 855606001DD1731800958187 /* Main.storyboard */; };
		855606041DD1731800958187 /* Assets.xcassets in Resources */ = {isa = PBXBuildFile; fileRef = 855606031DD1731800958187 /* Assets.xcassets */; };
		855606071DD1731800958187 /* LaunchScreen.storyboard in Resources */ = {isa = PBXBuildFile; fileRef = 855606051DD1731800958187 /* LaunchScreen.storyboard */; };
		855606121DD1731800958187 /* PlacesTests.swift in Sources */ = {isa = PBXBuildFile; fileRef = 855606111DD1731800958187 /* PlacesTests.swift */; };
		8556061D1DD1731800958187 /* PlacesUITests.swift in Sources */ = {isa = PBXBuildFile; fileRef = 8556061C1DD1731800958187 /* PlacesUITests.swift */; };
/* End PBXBuildFile section */

/* Begin PBXContainerItemProxy section */
		8556060E1DD1731800958187 /* PBXContainerItemProxy */ = {
			isa = PBXContainerItemProxy;
			containerPortal = 855605F11DD1731800958187 /* Project object */;
			proxyType = 1;
			remoteGlobalIDString = 855605F81DD1731800958187;
			remoteInfo = Places;
		};
		855606191DD1731800958187 /* PBXContainerItemProxy */ = {
			isa = PBXContainerItemProxy;
			containerPortal = 855605F11DD1731800958187 /* Project object */;
			proxyType = 1;
			remoteGlobalIDString = 855605F81DD1731800958187;
			remoteInfo = Places;
		};
/* End PBXContainerItemProxy section */

/* Begin PBXFileReference section */
		855605F91DD1731800958187 /* Places.app */ = {isa = PBXFileReference; explicitFileType = wrapper.application; includeInIndex = 0; path = Places.app; sourceTree = BUILT_PRODUCTS_DIR; };
		855605FC1DD1731800958187 /* AppDelegate.swift */ = {isa = PBXFileReference; lastKnownFileType = sourcecode.swift; path = AppDelegate.swift; sourceTree = "<group>"; };
		855605FE1DD1731800958187 /* ViewController.swift */ = {isa = PBXFileReference; lastKnownFileType = sourcecode.swift; path = ViewController.swift; sourceTree = "<group>"; };
		855606011DD1731800958187 /* Base */ = {isa = PBXFileReference; lastKnownFileType = file.storyboard; name = Base; path = Base.lproj/Main.storyboard; sourceTree = "<group>"; };
		855606031DD1731800958187 /* Assets.xcassets */ = {isa = PBXFileReference; lastKnownFileType = folder.assetcatalog; path = Assets.xcassets; sourceTree = "<group>"; };
		855606061DD1731800958187 /* Base */ = {isa = PBXFileReference; lastKnownFileType = file.storyboard; name = Base; path = Base.lproj/LaunchScreen.storyboard; sourceTree = "<group>"; };
		855606081DD1731800958187 /* Info.plist */ = {isa = PBXFileReference; lastKnownFileType = text.plist.xml; path = Info.plist; sourceTree = "<group>"; };
		8556060D1DD1731800958187 /* PlacesTests.xctest */ = {isa = PBXFileReference; explicitFileType = wrapper.cfbundle; includeInIndex = 0; path = PlacesTests.xctest; sourceTree = BUILT_PRODUCTS_DIR; };
		855606111DD1731800958187 /* PlacesTests.swift */ = {isa = PBXFileReference; lastKnownFileType = sourcecode.swift; path = PlacesTests.swift; sourceTree = "<group>"; };
		855606131DD1731800958187 /* Info.plist */ = {isa = PBXFileReference; lastKnownFileType = text.plist.xml; path = Info.plist; sourceTree = "<group>"; };
		855606181DD1731800958187 /* PlacesUITests.xctest */ = {isa = PBXFileReference; explicitFileType = wrapper.cfbundle; includeInIndex = 0; path = PlacesUITests.xctest; sourceTree = BUILT_PRODUCTS_DIR; };
		8556061C1DD1731800958187 /* PlacesUITests.swift */ = {isa = PBXFileReference; lastKnownFileType = sourcecode.swift; path = PlacesUITests.swift; sourceTree = "<group>"; };
		8556061E1DD1731800958187 /* Info.plist */ = {isa = PBXFileReference; lastKnownFileType = text.plist.xml; path = Info.plist; sourceTree = "<group>"; };
/* End PBXFileReference section */

/* Begin PBXFrameworksBuildPhase section */
		855605F61DD1731800958187 /* Frameworks */ = {
			isa = PBXFrameworksBuildPhase;
			buildActionMask = 2147483647;
			files = (
			);
			runOnlyForDeploymentPostprocessing = 0;
		};
		8556060A1DD1731800958187 /* Frameworks */ = {
			isa = PBXFrameworksBuildPhase;
			buildActionMask = 2147483647;
			files = (
			);
			runOnlyForDeploymentPostprocessing = 0;
		};
		855606151DD1731800958187 /* Frameworks */ = {
			isa = PBXFrameworksBuildPhase;
			buildActionMask = 2147483647;
			files = (
			);
			runOnlyForDeploymentPostprocessing = 0;
		};
/* End PBXFrameworksBuildPhase section */

/* Begin PBXGroup section */
		855605F01DD1731800958187 = {
			isa = PBXGroup;
			children = (
				855605FB1DD1731800958187 /* Places */,
				855606101DD1731800958187 /* PlacesTests */,
				8556061B1DD1731800958187 /* PlacesUITests */,
				855605FA1DD1731800958187 /* Products */,
			);
			sourceTree = "<group>";
		};
		855605FA1DD1731800958187 /* Products */ = {
			isa = PBXGroup;
			children = (
				855605F91DD1731800958187 /* Places.app */,
				8556060D1DD1731800958187 /* PlacesTests.xctest */,
				855606181DD1731800958187 /* PlacesUITests.xctest */,
			);
			name = Products;
			sourceTree = "<group>";
		};
		855605FB1DD1731800958187 /* Places */ = {
			isa = PBXGroup;
			children = (
				855605FC1DD1731800958187 /* AppDelegate.swift */,
				855605FE1DD1731800958187 /* ViewController.swift */,
				855606001DD1731800958187 /* Main.storyboard */,
				855606031DD1731800958187 /* Assets.xcassets */,
				855606051DD1731800958187 /* LaunchScreen.storyboard */,
				855606081DD1731800958187 /* Info.plist */,
			);
			path = Places;
			sourceTree = "<group>";
		};
		855606101DD1731800958187 /* PlacesTests */ = {
			isa = PBXGroup;
			children = (
				855606111DD1731800958187 /* PlacesTests.swift */,
				855606131DD1731800958187 /* Info.plist */,
			);
			path = PlacesTests;
			sourceTree = "<group>";
		};
		8556061B1DD1731800958187 /* PlacesUITests */ = {
			isa = PBXGroup;
			children = (
				8556061C1DD1731800958187 /* PlacesUITests.swift */,
				8556061E1DD1731800958187 /* Info.plist */,
			);
			path = PlacesUITests;
			sourceTree = "<group>";
		};
/* End PBXGroup section */

/* Begin PBXNativeTarget section */
		855605F81DD1731800958187 /* Places */ = {
			isa = PBXNativeTarget;
			buildConfigurationList = 855606211DD1731800958187 /* Build configuration list for PBXNativeTarget "Places" */;
			buildPhases = (
				855605F51DD1731800958187 /* Sources */,
				855605F61DD1731800958187 /* Frameworks */,
				855605F71DD1731800958187 /* Resources */,
			);
			buildRules = (
			);
			dependencies = (
			);
			name = Places;
			productName = Places;
			productReference = 855605F91DD1731800958187 /* Places.app */;
			productType = "com.apple.product-type.application";
		};
		8556060C1DD1731800958187 /* PlacesTests */ = {
			isa = PBXNativeTarget;
			buildConfigurationList = 855606241DD1731800958187 /* Build configuration list for PBXNativeTarget "PlacesTests" */;
			buildPhases = (
				855606091DD1731800958187 /* Sources */,
				8556060A1DD1731800958187 /* Frameworks */,
				8556060B1DD1731800958187 /* Resources */,
			);
			buildRules = (
			);
			dependencies = (
				8556060F1DD1731800958187 /* PBXTargetDependency */,
			);
			name = PlacesTests;
			productName = PlacesTests;
			productReference = 8556060D1DD1731800958187 /* PlacesTests.xctest */;
			productType = "com.apple.product-type.bundle.unit-test";
		};
		855606171DD1731800958187 /* PlacesUITests */ = {
			isa = PBXNativeTarget;
			buildConfigurationList = 855606271DD1731800958187 /* Build configuration list for PBXNativeTarget "PlacesUITests" */;
			buildPhases = (
				855606141DD1731800958187 /* Sources */,
				855606151DD1731800958187 /* Frameworks */,
				855606161DD1731800958187 /* Resources */,
			);
			buildRules = (
			);
			dependencies = (
				8556061A1DD1731800958187 /* PBXTargetDependency */,
			);
			name = PlacesUITests;
			productName = PlacesUITests;
			productReference = 855606181DD1731800958187 /* PlacesUITests.xctest */;
			productType = "com.apple.product-type.bundle.ui-testing";
		};
/* End PBXNativeTarget section */

/* Begin PBXProject section */
		855605F11DD1731800958187 /* Project object */ = {
			isa = PBXProject;
			attributes = {
				LastSwiftUpdateCheck = 0810;
				LastUpgradeCheck = 0810;
				ORGANIZATIONNAME = "Adam Noffsinger";
				TargetAttributes = {
					855605F81DD1731800958187 = {
						CreatedOnToolsVersion = 8.1;
						ProvisioningStyle = Automatic;
					};
					8556060C1DD1731800958187 = {
						CreatedOnToolsVersion = 8.1;
						ProvisioningStyle = Automatic;
						TestTargetID = 855605F81DD1731800958187;
					};
					855606171DD1731800958187 = {
						CreatedOnToolsVersion = 8.1;
						ProvisioningStyle = Automatic;
						TestTargetID = 855605F81DD1731800958187;
					};
				};
			};
			buildConfigurationList = 855605F41DD1731800958187 /* Build configuration list for PBXProject "Places" */;
			compatibilityVersion = "Xcode 3.2";
			developmentRegion = English;
			hasScannedForEncodings = 0;
			knownRegions = (
				en,
				Base,
			);
			mainGroup = 855605F01DD1731800958187;
			productRefGroup = 855605FA1DD1731800958187 /* Products */;
			projectDirPath = "";
			projectRoot = "";
			targets = (
				855605F81DD1731800958187 /* Places */,
				8556060C1DD1731800958187 /* PlacesTests */,
				855606171DD1731800958187 /* PlacesUITests */,
			);
		};
/* End PBXProject section */

/* Begin PBXResourcesBuildPhase section */
		855605F71DD1731800958187 /* Resources */ = {
			isa = PBXResourcesBuildPhase;
			buildActionMask = 2147483647;
			files = (
				855606071DD1731800958187 /* LaunchScreen.storyboard in Resources */,
				855606041DD1731800958187 /* Assets.xcassets in Resources */,
				855606021DD1731800958187 /* Main.storyboard in Resources */,
			);
			runOnlyForDeploymentPostprocessing = 0;
		};
		8556060B1DD1731800958187 /* Resources */ = {
			isa = PBXResourcesBuildPhase;
			buildActionMask = 2147483647;
			files = (
			);
			runOnlyForDeploymentPostprocessing = 0;
		};
		855606161DD1731800958187 /* Resources */ = {
			isa = PBXResourcesBuildPhase;
			buildActionMask = 2147483647;
			files = (
			);
			runOnlyForDeploymentPostprocessing = 0;
		};
/* End PBXResourcesBuildPhase section */

/* Begin PBXSourcesBuildPhase section */
		855605F51DD1731800958187 /* Sources */ = {
			isa = PBXSourcesBuildPhase;
			buildActionMask = 2147483647;
			files = (
				855605FF1DD1731800958187 /* ViewController.swift in Sources */,
				855605FD1DD1731800958187 /* AppDelegate.swift in Sources */,
			);
			runOnlyForDeploymentPostprocessing = 0;
		};
		855606091DD1731800958187 /* Sources */ = {
			isa = PBXSourcesBuildPhase;
			buildActionMask = 2147483647;
			files = (
				855606121DD1731800958187 /* PlacesTests.swift in Sources */,
			);
			runOnlyForDeploymentPostprocessing = 0;
		};
		855606141DD1731800958187 /* Sources */ = {
			isa = PBXSourcesBuildPhase;
			buildActionMask = 2147483647;
			files = (
				8556061D1DD1731800958187 /* PlacesUITests.swift in Sources */,
			);
			runOnlyForDeploymentPostprocessing = 0;
		};
/* End PBXSourcesBuildPhase section */

/* Begin PBXTargetDependency section */
		8556060F1DD1731800958187 /* PBXTargetDependency */ = {
			isa = PBXTargetDependency;
			target = 855605F81DD1731800958187 /* Places */;
			targetProxy = 8556060E1DD1731800958187 /* PBXContainerItemProxy */;
		};
		8556061A1DD1731800958187 /* PBXTargetDependency */ = {
			isa = PBXTargetDependency;
			target = 855605F81DD1731800958187 /* Places */;
			targetProxy = 855606191DD1731800958187 /* PBXContainerItemProxy */;
		};
/* End PBXTargetDependency section */

/* Begin PBXVariantGroup section */
		855606001DD1731800958187 /* Main.storyboard */ = {
			isa = PBXVariantGroup;
			children = (
				855606011DD1731800958187 /* Base */,
			);
			name = Main.storyboard;
			sourceTree = "<group>";
		};
		855606051DD1731800958187 /* LaunchScreen.storyboard */ = {
			isa = PBXVariantGroup;
			children = (
				855606061DD1731800958187 /* Base */,
			);
			name = LaunchScreen.storyboard;
			sourceTree = "<group>";
		};
/* End PBXVariantGroup section */

/* Begin XCBuildConfiguration section */
		8556061F1DD1731800958187 /* Debug */ = {
			isa = XCBuildConfiguration;
			buildSettings = {
				ALWAYS_SEARCH_USER_PATHS = NO;
				CLANG_ANALYZER_NONNULL = YES;
				CLANG_CXX_LANGUAGE_STANDARD = "gnu++0x";
				CLANG_CXX_LIBRARY = "libc++";
				CLANG_ENABLE_MODULES = YES;
				CLANG_ENABLE_OBJC_ARC = YES;
				CLANG_WARN_BOOL_CONVERSION = YES;
				CLANG_WARN_CONSTANT_CONVERSION = YES;
				CLANG_WARN_DIRECT_OBJC_ISA_USAGE = YES_ERROR;
				CLANG_WARN_DOCUMENTATION_COMMENTS = YES;
				CLANG_WARN_EMPTY_BODY = YES;
				CLANG_WARN_ENUM_CONVERSION = YES;
				CLANG_WARN_INFINITE_RECURSION = YES;
				CLANG_WARN_INT_CONVERSION = YES;
				CLANG_WARN_OBJC_ROOT_CLASS = YES_ERROR;
				CLANG_WARN_SUSPICIOUS_MOVES = YES;
				CLANG_WARN_UNREACHABLE_CODE = YES;
				CLANG_WARN__DUPLICATE_METHOD_MATCH = YES;
				"CODE_SIGN_IDENTITY[sdk=iphoneos*]" = "iPhone Developer";
				COPY_PHASE_STRIP = NO;
				DEBUG_INFORMATION_FORMAT = dwarf;
				ENABLE_STRICT_OBJC_MSGSEND = YES;
				ENABLE_TESTABILITY = YES;
				GCC_C_LANGUAGE_STANDARD = gnu99;
				GCC_DYNAMIC_NO_PIC = NO;
				GCC_NO_COMMON_BLOCKS = YES;
				GCC_OPTIMIZATION_LEVEL = 0;
				GCC_PREPROCESSOR_DEFINITIONS = (
					"DEBUG=1",
					"$(inherited)",
				);
				GCC_WARN_64_TO_32_BIT_CONVERSION = YES;
				GCC_WARN_ABOUT_RETURN_TYPE = YES_ERROR;
				GCC_WARN_UNDECLARED_SELECTOR = YES;
				GCC_WARN_UNINITIALIZED_AUTOS = YES_AGGRESSIVE;
				GCC_WARN_UNUSED_FUNCTION = YES;
				GCC_WARN_UNUSED_VARIABLE = YES;
				IPHONEOS_DEPLOYMENT_TARGET = 10.1;
				MTL_ENABLE_DEBUG_INFO = YES;
				ONLY_ACTIVE_ARCH = YES;
				SDKROOT = iphoneos;
				SWIFT_ACTIVE_COMPILATION_CONDITIONS = DEBUG;
				SWIFT_OPTIMIZATION_LEVEL = "-Onone";
			};
			name = Debug;
		};
		855606201DD1731800958187 /* Release */ = {
			isa = XCBuildConfiguration;
			buildSettings = {
				ALWAYS_SEARCH_USER_PATHS = NO;
				CLANG_ANALYZER_NONNULL = YES;
				CLANG_CXX_LANGUAGE_STANDARD = "gnu++0x";
				CLANG_CXX_LIBRARY = "libc++";
				CLANG_ENABLE_MODULES = YES;
				CLANG_ENABLE_OBJC_ARC = YES;
				CLANG_WARN_BOOL_CONVERSION = YES;
				CLANG_WARN_CONSTANT_CONVERSION = YES;
				CLANG_WARN_DIRECT_OBJC_ISA_USAGE = YES_ERROR;
				CLANG_WARN_DOCUMENTATION_COMMENTS = YES;
				CLANG_WARN_EMPTY_BODY = YES;
				CLANG_WARN_ENUM_CONVERSION = YES;
				CLANG_WARN_INFINITE_RECURSION = YES;
				CLANG_WARN_INT_CONVERSION = YES;
				CLANG_WARN_OBJC_ROOT_CLASS = YES_ERROR;
				CLANG_WARN_SUSPICIOUS_MOVES = YES;
				CLANG_WARN_UNREACHABLE_CODE = YES;
				CLANG_WARN__DUPLICATE_METHOD_MATCH = YES;
				"CODE_SIGN_IDENTITY[sdk=iphoneos*]" = "iPhone Developer";
				COPY_PHASE_STRIP = NO;
				DEBUG_INFORMATION_FORMAT = "dwarf-with-dsym";
				ENABLE_NS_ASSERTIONS = NO;
				ENABLE_STRICT_OBJC_MSGSEND = YES;
				GCC_C_LANGUAGE_STANDARD = gnu99;
				GCC_NO_COMMON_BLOCKS = YES;
				GCC_WARN_64_TO_32_BIT_CONVERSION = YES;
				GCC_WARN_ABOUT_RETURN_TYPE = YES_ERROR;
				GCC_WARN_UNDECLARED_SELECTOR = YES;
				GCC_WARN_UNINITIALIZED_AUTOS = YES_AGGRESSIVE;
				GCC_WARN_UNUSED_FUNCTION = YES;
				GCC_WARN_UNUSED_VARIABLE = YES;
				IPHONEOS_DEPLOYMENT_TARGET = 10.1;
				MTL_ENABLE_DEBUG_INFO = NO;
				SDKROOT = iphoneos;
				SWIFT_OPTIMIZATION_LEVEL = "-Owholemodule";
				VALIDATE_PRODUCT = YES;
			};
			name = Release;
		};
		855606221DD1731800958187 /* Debug */ = {
			isa = XCBuildConfiguration;
			buildSettings = {
				ASSETCATALOG_COMPILER_APPICON_NAME = AppIcon;
				INFOPLIST_FILE = Places/Info.plist;
				LD_RUNPATH_SEARCH_PATHS = "$(inherited) @executable_path/Frameworks";
				PRODUCT_BUNDLE_IDENTIFIER = me.noff.Places;
				PRODUCT_NAME = "$(TARGET_NAME)";
				SWIFT_VERSION = 3.0;
			};
			name = Debug;
		};
		855606231DD1731800958187 /* Release */ = {
			isa = XCBuildConfiguration;
			buildSettings = {
				ASSETCATALOG_COMPILER_APPICON_NAME = AppIcon;
				INFOPLIST_FILE = Places/Info.plist;
				LD_RUNPATH_SEARCH_PATHS = "$(inherited) @executable_path/Frameworks";
				PRODUCT_BUNDLE_IDENTIFIER = me.noff.Places;
				PRODUCT_NAME = "$(TARGET_NAME)";
				SWIFT_VERSION = 3.0;
			};
			name = Release;
		};
		855606251DD1731800958187 /* Debug */ = {
			isa = XCBuildConfiguration;
			buildSettings = {
				ALWAYS_EMBED_SWIFT_STANDARD_LIBRARIES = YES;
				BUNDLE_LOADER = "$(TEST_HOST)";
				INFOPLIST_FILE = PlacesTests/Info.plist;
				LD_RUNPATH_SEARCH_PATHS = "$(inherited) @executable_path/Frameworks @loader_path/Frameworks";
				PRODUCT_BUNDLE_IDENTIFIER = me.noff.PlacesTests;
				PRODUCT_NAME = "$(TARGET_NAME)";
				SWIFT_VERSION = 3.0;
				TEST_HOST = "$(BUILT_PRODUCTS_DIR)/Places.app/Places";
			};
			name = Debug;
		};
		855606261DD1731800958187 /* Release */ = {
			isa = XCBuildConfiguration;
			buildSettings = {
				ALWAYS_EMBED_SWIFT_STANDARD_LIBRARIES = YES;
				BUNDLE_LOADER = "$(TEST_HOST)";
				INFOPLIST_FILE = PlacesTests/Info.plist;
				LD_RUNPATH_SEARCH_PATHS = "$(inherited) @executable_path/Frameworks @loader_path/Frameworks";
				PRODUCT_BUNDLE_IDENTIFIER = me.noff.PlacesTests;
				PRODUCT_NAME = "$(TARGET_NAME)";
				SWIFT_VERSION = 3.0;
				TEST_HOST = "$(BUILT_PRODUCTS_DIR)/Places.app/Places";
			};
			name = Release;
		};
		855606281DD1731800958187 /* Debug */ = {
			isa = XCBuildConfiguration;
			buildSettings = {
				ALWAYS_EMBED_SWIFT_STANDARD_LIBRARIES = YES;
				INFOPLIST_FILE = PlacesUITests/Info.plist;
				LD_RUNPATH_SEARCH_PATHS = "$(inherited) @executable_path/Frameworks @loader_path/Frameworks";
				PRODUCT_BUNDLE_IDENTIFIER = me.noff.PlacesUITests;
				PRODUCT_NAME = "$(TARGET_NAME)";
				SWIFT_VERSION = 3.0;
				TEST_TARGET_NAME = Places;
			};
			name = Debug;
		};
		855606291DD1731800958187 /* Release */ = {
			isa = XCBuildConfiguration;
			buildSettings = {
				ALWAYS_EMBED_SWIFT_STANDARD_LIBRARIES = YES;
				INFOPLIST_FILE = PlacesUITests/Info.plist;
				LD_RUNPATH_SEARCH_PATHS = "$(inherited) @executable_path/Frameworks @loader_path/Frameworks";
				PRODUCT_BUNDLE_IDENTIFIER = me.noff.PlacesUITests;
				PRODUCT_NAME = "$(TARGET_NAME)";
				SWIFT_VERSION = 3.0;
				TEST_TARGET_NAME = Places;
			};
			name = Release;
		};
/* End XCBuildConfiguration section */

/* Begin XCConfigurationList section */
		855605F41DD1731800958187 /* Build configuration list for PBXProject "Places" */ = {
			isa = XCConfigurationList;
			buildConfigurations = (
				8556061F1DD1731800958187 /* Debug */,
				855606201DD1731800958187 /* Release */,
			);
			defaultConfigurationIsVisible = 0;
			defaultConfigurationName = Release;
		};
		855606211DD1731800958187 /* Build configuration list for PBXNativeTarget "Places" */ = {
			isa = XCConfigurationList;
			buildConfigurations = (
				855606221DD1731800958187 /* Debug */,
				855606231DD1731800958187 /* Release */,
			);
			defaultConfigurationIsVisible = 0;
		};
		855606241DD1731800958187 /* Build configuration list for PBXNativeTarget "PlacesTests" */ = {
			isa = XCConfigurationList;
			buildConfigurations = (
				855606251DD1731800958187 /* Debug */,
				855606261DD1731800958187 /* Release */,
			);
			defaultConfigurationIsVisible = 0;
		};
		855606271DD1731800958187 /* Build configuration list for PBXNativeTarget "PlacesUITests" */ = {
			isa = XCConfigurationList;
			buildConfigurations = (
				855606281DD1731800958187 /* Debug */,
				855606291DD1731800958187 /* Release */,
			);
			defaultConfigurationIsVisible = 0;
		};
/* End XCConfigurationList section */
	};
	rootObject = 855605F11DD1731800958187 /* Project object */;
}
